
Microsoft Visual Studio Solution File, Format Version 12.00
# Visual Studio Version 17
VisualStudioVersion = 17.0.31825.309
MinimumVisualStudioVersion = 10.0.40219.1
Project("{FAE04EC0-301F-11D3-BF4B-00C04F79EFBC}") = "RIM Service Monitor", "RIM Service Monitor.csproj", "{D213444C-5643-4D07-92D0-CEE4B1617DEB}"
EndProject
Global
	GlobalSection(SolutionConfigurationPlatforms) = preSolution
		Debug|Any CPU = Debug|Any CPU
		Release|Any CPU = Release|Any CPU
	EndGlobalSection
	GlobalSection(ProjectConfigurationPlatforms) = postSolution
		{D213444C-5643-4D07-92D0-CEE4B1617DEB}.Debug|Any CPU.ActiveCfg = Debug|Any CPU
		{D213444C-5643-4D07-92D0-CEE4B1617DEB}.Debug|Any CPU.Build.0 = Debug|Any CPU
		{D213444C-5643-4D07-92D0-CEE4B1617DEB}.Release|Any CPU.ActiveCfg = Release|Any CPU
		{D213444C-5643-4D07-92D0-CEE4B1617DEB}.Release|Any CPU.Build.0 = Release|Any CPU
	EndGlobalSection
	GlobalSection(SolutionProperties) = preSolution
		HideSolutionNode = FALSE
	EndGlobalSection
	GlobalSection(ExtensibilityGlobals) = postSolution
		SolutionGuid = {1A947AA0-2500-42BA-8479-8D994C852070}
	EndGlobalSection
EndGlobal
